
Microsoft Visual Studio Solution File, Format Version 12.00
# Visual Studio Version 17
VisualStudioVersion = 17.3.32929.385
MinimumVisualStudioVersion = 10.0.40219.1
Project("{8BC9CEB8-8B4A-11D0-8D11-00A0C91BC942}") = "Kaylogger", "Kaylogger\Kaylogger.vcxproj", "{AFE15E6C-0CFC-490F-A69F-4F48320C4F53}"
EndProject
Global
	GlobalSection(SolutionConfigurationPlatforms) = preSolution
		Debug|x64 = Debug|x64
		Debug|x86 = Debug|x86
		Release|x64 = Release|x64
		Release|x86 = Release|x86
	EndGlobalSection
	GlobalSection(ProjectConfigurationPlatforms) = postSolution
		{AFE15E6C-0CFC-490F-A69F-4F48320C4F53}.Debug|x64.ActiveCfg = Debug|x64
		{AFE15E6C-0CFC-490F-A69F-4F48320C4F53}.Debug|x64.Build.0 = Debug|x64
		{AFE15E6C-0CFC-490F-A69F-4F48320C4F53}.Debug|x86.ActiveCfg = Debug|Win32
		{AFE15E6C-0CFC-490F-A69F-4F48320C4F53}.Debug|x86.Build.0 = Debug|Win32
		{AFE15E6C-0CFC-490F-A69F-4F48320C4F53}.Release|x64.ActiveCfg = Release|x64
		{AFE15E6C-0CFC-490F-A69F-4F48320C4F53}.Release|x64.Build.0 = Release|x64
		{AFE15E6C-0CFC-490F-A69F-4F48320C4F53}.Release|x86.ActiveCfg = Release|Win32
		{AFE15E6C-0CFC-490F-A69F-4F48320C4F53}.Release|x86.Build.0 = Release|Win32
	EndGlobalSection
	GlobalSection(SolutionProperties) = preSolution
		HideSolutionNode = FALSE
	EndGlobalSection
	GlobalSection(ExtensibilityGlobals) = postSolution
		SolutionGuid = {D4D690C3-A4E2-44C3-A219-3C7BB6584845}
	EndGlobalSection
EndGlobal
